
Microsoft Visual Studio Solution File, Format Version 12.00
# Visual Studio Version 17
VisualStudioVersion = 17.4.33122.133
MinimumVisualStudioVersion = 10.0.40219.1
Project("{FAE04EC0-301F-11D3-BF4B-00C04F79EFBC}") = "MiNiGame", "MiNiGame\MiNiGame.csproj", "{7204F5AF-AFA0-4F7C-8A7D-F4CA3C71F6C9}"
EndProject
Global
	GlobalSection(SolutionConfigurationPlatforms) = preSolution
		Debug|Any CPU = Debug|Any CPU
		Release|Any CPU = Release|Any CPU
	EndGlobalSection
	GlobalSection(ProjectConfigurationPlatforms) = postSolution
		{7204F5AF-AFA0-4F7C-8A7D-F4CA3C71F6C9}.Debug|Any CPU.ActiveCfg = Debug|Any CPU
		{7204F5AF-AFA0-4F7C-8A7D-F4CA3C71F6C9}.Debug|Any CPU.Build.0 = Debug|Any CPU
		{7204F5AF-AFA0-4F7C-8A7D-F4CA3C71F6C9}.Release|Any CPU.ActiveCfg = Release|Any CPU
		{7204F5AF-AFA0-4F7C-8A7D-F4CA3C71F6C9}.Release|Any CPU.Build.0 = Release|Any CPU
	EndGlobalSection
	GlobalSection(SolutionProperties) = preSolution
		HideSolutionNode = FALSE
	EndGlobalSection
	GlobalSection(ExtensibilityGlobals) = postSolution
		SolutionGuid = {5A3F316D-7809-40D1-B33F-863218189C9E}
	EndGlobalSection
EndGlobal
